
Microsoft Visual Studio Solution File, Format Version 12.00
# Visual Studio 14
VisualStudioVersion = 14.0.25123.0
MinimumVisualStudioVersion = 10.0.40219.1
Project("{FAE04EC0-301F-11D3-BF4B-00C04F79EFBC}") = "Earth_In_Beats.WebService.Business.Contracts", "Earth_In_Beats.WebService.Contracts\Earth_In_Beats.WebService.Business.Contracts.csproj", "{5CFCC4DA-5288-41CB-8BB1-8AC0C712104F}"
EndProject
Project("{FAE04EC0-301F-11D3-BF4B-00C04F79EFBC}") = "Earth_In_Beats.WebService.IoC", "Earth_In_Beats.WebService.IoC\Earth_In_Beats.WebService.IoC.csproj", "{01D3E8DC-D1FF-455A-B2DB-7F929FEDCD32}"
EndProject
Project("{FAE04EC0-301F-11D3-BF4B-00C04F79EFBC}") = "Earth_In_Beats.WebService.Business.Fake.Implementation", "Earth_In_Beats.WebService.Business.Fake\Earth_In_Beats.WebService.Business.Fake.Implementation.csproj", "{A0D82902-4384-45D6-9E58-762A56A00EB2}"
EndProject
Project("{FAE04EC0-301F-11D3-BF4B-00C04F79EFBC}") = "Earth_In_Beats.WebService.WCF", "Earth_In_Beats.WebService.WCF\Earth_In_Beats.WebService.WCF.csproj", "{9225FD88-075B-40DE-AE81-9960FBEEE351}"
EndProject
Project("{FAE04EC0-301F-11D3-BF4B-00C04F79EFBC}") = "Earth_In_Beats.WebService.Business.Implementation", "Earth_In_Beats.WebService.Business.Implementation\Earth_In_Beats.WebService.Business.Implementation.csproj", "{A8A67F90-FF7B-4147-A92C-893B6B799E54}"
EndProject
Project("{FAE04EC0-301F-11D3-BF4B-00C04F79EFBC}") = "Earth_In_Beats.WebService.DAL.Contracts", "Earth_In_Beats.WebService.DAL.Contracts\Earth_In_Beats.WebService.DAL.Contracts.csproj", "{7D0AB87C-FDA2-4D7A-9BF3-77B6B2619793}"
EndProject
Project("{FAE04EC0-301F-11D3-BF4B-00C04F79EFBC}") = "Earth_In_Beats.WebService.DAL.Fake.Implementation", "Earth_In_Beats.WebService.DAL.Fake.Implementation\Earth_In_Beats.WebService.DAL.Fake.Implementation.csproj", "{0FFFD450-E501-4546-9518-15F11CC3DFB1}"
EndProject
Global
	GlobalSection(SolutionConfigurationPlatforms) = preSolution
		Debug|Any CPU = Debug|Any CPU
		Release|Any CPU = Release|Any CPU
	EndGlobalSection
	GlobalSection(ProjectConfigurationPlatforms) = postSolution
		{5CFCC4DA-5288-41CB-8BB1-8AC0C712104F}.Debug|Any CPU.ActiveCfg = Debug|Any CPU
		{5CFCC4DA-5288-41CB-8BB1-8AC0C712104F}.Debug|Any CPU.Build.0 = Debug|Any CPU
		{5CFCC4DA-5288-41CB-8BB1-8AC0C712104F}.Release|Any CPU.ActiveCfg = Release|Any CPU
		{5CFCC4DA-5288-41CB-8BB1-8AC0C712104F}.Release|Any CPU.Build.0 = Release|Any CPU
		{01D3E8DC-D1FF-455A-B2DB-7F929FEDCD32}.Debug|Any CPU.ActiveCfg = Debug|Any CPU
		{01D3E8DC-D1FF-455A-B2DB-7F929FEDCD32}.Debug|Any CPU.Build.0 = Debug|Any CPU
		{01D3E8DC-D1FF-455A-B2DB-7F929FEDCD32}.Release|Any CPU.ActiveCfg = Release|Any CPU
		{01D3E8DC-D1FF-455A-B2DB-7F929FEDCD32}.Release|Any CPU.Build.0 = Release|Any CPU
		{A0D82902-4384-45D6-9E58-762A56A00EB2}.Debug|Any CPU.ActiveCfg = Debug|Any CPU
		{A0D82902-4384-45D6-9E58-762A56A00EB2}.Debug|Any CPU.Build.0 = Debug|Any CPU
		{A0D82902-4384-45D6-9E58-762A56A00EB2}.Release|Any CPU.ActiveCfg = Release|Any CPU
		{A0D82902-4384-45D6-9E58-762A56A00EB2}.Release|Any CPU.Build.0 = Release|Any CPU
		{9225FD88-075B-40DE-AE81-9960FBEEE351}.Debug|Any CPU.ActiveCfg = Debug|Any CPU
		{9225FD88-075B-40DE-AE81-9960FBEEE351}.Debug|Any CPU.Build.0 = Debug|Any CPU
		{9225FD88-075B-40DE-AE81-9960FBEEE351}.Release|Any CPU.ActiveCfg = Release|Any CPU
		{9225FD88-075B-40DE-AE81-9960FBEEE351}.Release|Any CPU.Build.0 = Release|Any CPU
		{A8A67F90-FF7B-4147-A92C-893B6B799E54}.Debug|Any CPU.ActiveCfg = Debug|Any CPU
		{A8A67F90-FF7B-4147-A92C-893B6B799E54}.Debug|Any CPU.Build.0 = Debug|Any CPU
		{A8A67F90-FF7B-4147-A92C-893B6B799E54}.Release|Any CPU.ActiveCfg = Release|Any CPU
		{A8A67F90-FF7B-4147-A92C-893B6B799E54}.Release|Any CPU.Build.0 = Release|Any CPU
		{7D0AB87C-FDA2-4D7A-9BF3-77B6B2619793}.Debug|Any CPU.ActiveCfg = Debug|Any CPU
		{7D0AB87C-FDA2-4D7A-9BF3-77B6B2619793}.Debug|Any CPU.Build.0 = Debug|Any CPU
		{7D0AB87C-FDA2-4D7A-9BF3-77B6B2619793}.Release|Any CPU.ActiveCfg = Release|Any CPU
		{7D0AB87C-FDA2-4D7A-9BF3-77B6B2619793}.Release|Any CPU.Build.0 = Release|Any CPU
		{0FFFD450-E501-4546-9518-15F11CC3DFB1}.Debug|Any CPU.ActiveCfg = Debug|Any CPU
		{0FFFD450-E501-4546-9518-15F11CC3DFB1}.Debug|Any CPU.Build.0 = Debug|Any CPU
		{0FFFD450-E501-4546-9518-15F11CC3DFB1}.Release|Any CPU.ActiveCfg = Release|Any CPU
		{0FFFD450-E501-4546-9518-15F11CC3DFB1}.Release|Any CPU.Build.0 = Release|Any CPU
	EndGlobalSection
	GlobalSection(SolutionProperties) = preSolution
		HideSolutionNode = FALSE
	EndGlobalSection
EndGlobal
